
Microsoft Visual Studio Solution File, Format Version 12.00
# Visual Studio 14
VisualStudioVersion = 14.0.25420.1
MinimumVisualStudioVersion = 10.0.40219.1
Project("{2150E333-8FDC-42A3-9474-1A3956D46DE8}") = "src", "src", "{A66A9385-30B6-4F52-A637-7DDB6E7A8032}"
EndProject
Project("{2150E333-8FDC-42A3-9474-1A3956D46DE8}") = "Solution Items", "Solution Items", "{0F4AD103-EC67-452C-B1B8-1DED51DCFE56}"
	ProjectSection(SolutionItems) = preProject
		global.json = global.json
	EndProjectSection
EndProject
Project("{8BB2217D-0F2D-49D1-97BC-3654ED321F3B}") = "GetToApi", "src\GetToApi\GetToApi.xproj", "{37348E06-2A1D-4389-8CC6-4EE06FD34A2C}"
EndProject
Project("{8BB2217D-0F2D-49D1-97BC-3654ED321F3B}") = "QuickstartIdentityServer", "src\QuickstartIdentityServer\QuickstartIdentityServer.xproj", "{48DC8739-74BB-4AE5-BD52-73B3E8C221D0}"
EndProject
Project("{8BB2217D-0F2D-49D1-97BC-3654ED321F3B}") = "GetToClient", "src\GetToClient\GetToClient.xproj", "{EBCFDE26-CE56-4DCA-BBCE-61159E887BE7}"
EndProject
Project("{8BB2217D-0F2D-49D1-97BC-3654ED321F3B}") = "GetToMvcClient", "src\GetToMvcClient\GetToMvcClient.xproj", "{F54CDD6C-F966-486F-AF69-70D12FCBF1CB}"
EndProject
Global
	GlobalSection(SolutionConfigurationPlatforms) = preSolution
		Debug|Any CPU = Debug|Any CPU
		Release|Any CPU = Release|Any CPU
	EndGlobalSection
	GlobalSection(ProjectConfigurationPlatforms) = postSolution
		{37348E06-2A1D-4389-8CC6-4EE06FD34A2C}.Debug|Any CPU.ActiveCfg = Debug|Any CPU
		{37348E06-2A1D-4389-8CC6-4EE06FD34A2C}.Debug|Any CPU.Build.0 = Debug|Any CPU
		{37348E06-2A1D-4389-8CC6-4EE06FD34A2C}.Release|Any CPU.ActiveCfg = Release|Any CPU
		{37348E06-2A1D-4389-8CC6-4EE06FD34A2C}.Release|Any CPU.Build.0 = Release|Any CPU
		{48DC8739-74BB-4AE5-BD52-73B3E8C221D0}.Debug|Any CPU.ActiveCfg = Debug|Any CPU
		{48DC8739-74BB-4AE5-BD52-73B3E8C221D0}.Debug|Any CPU.Build.0 = Debug|Any CPU
		{48DC8739-74BB-4AE5-BD52-73B3E8C221D0}.Release|Any CPU.ActiveCfg = Release|Any CPU
		{48DC8739-74BB-4AE5-BD52-73B3E8C221D0}.Release|Any CPU.Build.0 = Release|Any CPU
		{EBCFDE26-CE56-4DCA-BBCE-61159E887BE7}.Debug|Any CPU.ActiveCfg = Debug|Any CPU
		{EBCFDE26-CE56-4DCA-BBCE-61159E887BE7}.Debug|Any CPU.Build.0 = Debug|Any CPU
		{EBCFDE26-CE56-4DCA-BBCE-61159E887BE7}.Release|Any CPU.ActiveCfg = Release|Any CPU
		{EBCFDE26-CE56-4DCA-BBCE-61159E887BE7}.Release|Any CPU.Build.0 = Release|Any CPU
		{F54CDD6C-F966-486F-AF69-70D12FCBF1CB}.Debug|Any CPU.ActiveCfg = Debug|Any CPU
		{F54CDD6C-F966-486F-AF69-70D12FCBF1CB}.Debug|Any CPU.Build.0 = Debug|Any CPU
		{F54CDD6C-F966-486F-AF69-70D12FCBF1CB}.Release|Any CPU.ActiveCfg = Release|Any CPU
		{F54CDD6C-F966-486F-AF69-70D12FCBF1CB}.Release|Any CPU.Build.0 = Release|Any CPU
	EndGlobalSection
	GlobalSection(SolutionProperties) = preSolution
		HideSolutionNode = FALSE
	EndGlobalSection
	GlobalSection(NestedProjects) = preSolution
		{37348E06-2A1D-4389-8CC6-4EE06FD34A2C} = {A66A9385-30B6-4F52-A637-7DDB6E7A8032}
		{48DC8739-74BB-4AE5-BD52-73B3E8C221D0} = {A66A9385-30B6-4F52-A637-7DDB6E7A8032}
		{EBCFDE26-CE56-4DCA-BBCE-61159E887BE7} = {A66A9385-30B6-4F52-A637-7DDB6E7A8032}
		{F54CDD6C-F966-486F-AF69-70D12FCBF1CB} = {A66A9385-30B6-4F52-A637-7DDB6E7A8032}
	EndGlobalSection
EndGlobal
